
Microsoft Visual Studio Solution File, Format Version 12.00
# Visual Studio Version 17
VisualStudioVersion = 17.14.36603.0
MinimumVisualStudioVersion = 10.0.40219.1
Project("{FAE04EC0-301F-11D3-BF4B-00C04F79EFBC}") = "SimplonHubApi", "SimplonHubApi\SimplonHubApi.csproj", "{F52114FB-A509-8C0C-04A1-4BFB8B611577}"
EndProject
Global
	GlobalSection(SolutionConfigurationPlatforms) = preSolution
		Debug|Any CPU = Debug|Any CPU
		Release|Any CPU = Release|Any CPU
	EndGlobalSection
	GlobalSection(ProjectConfigurationPlatforms) = postSolution
		{F52114FB-A509-8C0C-04A1-4BFB8B611577}.Debug|Any CPU.ActiveCfg = Debug|Any CPU
		{F52114FB-A509-8C0C-04A1-4BFB8B611577}.Debug|Any CPU.Build.0 = Debug|Any CPU
		{F52114FB-A509-8C0C-04A1-4BFB8B611577}.Release|Any CPU.ActiveCfg = Release|Any CPU
		{F52114FB-A509-8C0C-04A1-4BFB8B611577}.Release|Any CPU.Build.0 = Release|Any CPU
	EndGlobalSection
	GlobalSection(SolutionProperties) = preSolution
		HideSolutionNode = FALSE
	EndGlobalSection
	GlobalSection(ExtensibilityGlobals) = postSolution
		SolutionGuid = {E92313BE-FCC8-41C8-8AD4-365AD1F8160B}
	EndGlobalSection
EndGlobal
